
Microsoft Visual Studio Solution File, Format Version 12.00
# Visual Studio Version 16
VisualStudioVersion = 16.0.31729.503
MinimumVisualStudioVersion = 10.0.40219.1
Project("{8BC9CEB8-8B4A-11D0-8D11-00A0C91BC942}") = "Uebungsblatt3", "Uebungsblatt3\Uebungsblatt3.vcxproj", "{D0A60824-A63E-4D7A-BEFC-F2606849FA00}"
EndProject
Global
	GlobalSection(SolutionConfigurationPlatforms) = preSolution
		Debug|x64 = Debug|x64
		Debug|x86 = Debug|x86
		Release|x64 = Release|x64
		Release|x86 = Release|x86
	EndGlobalSection
	GlobalSection(ProjectConfigurationPlatforms) = postSolution
		{D0A60824-A63E-4D7A-BEFC-F2606849FA00}.Debug|x64.ActiveCfg = Debug|x64
		{D0A60824-A63E-4D7A-BEFC-F2606849FA00}.Debug|x64.Build.0 = Debug|x64
		{D0A60824-A63E-4D7A-BEFC-F2606849FA00}.Debug|x86.ActiveCfg = Debug|Win32
		{D0A60824-A63E-4D7A-BEFC-F2606849FA00}.Debug|x86.Build.0 = Debug|Win32
		{D0A60824-A63E-4D7A-BEFC-F2606849FA00}.Release|x64.ActiveCfg = Release|x64
		{D0A60824-A63E-4D7A-BEFC-F2606849FA00}.Release|x64.Build.0 = Release|x64
		{D0A60824-A63E-4D7A-BEFC-F2606849FA00}.Release|x86.ActiveCfg = Release|Win32
		{D0A60824-A63E-4D7A-BEFC-F2606849FA00}.Release|x86.Build.0 = Release|Win32
	EndGlobalSection
	GlobalSection(SolutionProperties) = preSolution
		HideSolutionNode = FALSE
	EndGlobalSection
	GlobalSection(ExtensibilityGlobals) = postSolution
		SolutionGuid = {038C5F73-D49B-48A3-8260-C4DD9D57D218}
	EndGlobalSection
EndGlobal
