<?xml version="1.0" encoding="utf-8"?>
<Project ToolsVersion="4.0" xmlns="http://schemas.microsoft.com/developer/msbuild/2003">
  <ItemGroup>
    <Filter Include="Source Files">
      <UniqueIdentifier>{4FC737F1-C7A5-4376-A066-2A32D752A2FF}</UniqueIdentifier>
      <Extensions>cpp;c;cc;cxx;c++;cppm;ixx;def;odl;idl;hpj;bat;asm;asmx</Extensions>
    </Filter>
    <Filter Include="Header Files">
      <UniqueIdentifier>{93995380-89BD-4b04-88EB-625FBE52EBFB}</UniqueIdentifier>
      <Extensions>h;hh;hpp;hxx;h++;hm;inl;inc;ipp;xsd</Extensions>
    </Filter>
    <Filter Include="Resource Files">
      <UniqueIdentifier>{67DA6AB6-F800-4c08-8B7A-83BB121AAD01}</UniqueIdentifier>
      <Extensions>rc;ico;cur;bmp;dlg;rc2;rct;bin;rgs;gif;jpg;jpeg;jpe;resx;tiff;tif;png;wav;mfcribbon-ms</Extensions>
    </Filter>
  </ItemGroup>
  <ItemGroup>
    <ClInclude Include="D:\Downloads\SS22_PRG2_Uebungsblatt_3_Tibongo_Hilfsdateien\SS22_PRG2_Uebungsblatt_3_Tibongo_Hilfsdateien\Configuration.h">
      <Filter>Header Files</Filter>
    </ClInclude>
    <ClInclude Include="D:\Downloads\SS22_PRG2_Uebungsblatt_3_Tibongo_Hilfsdateien\SS22_PRG2_Uebungsblatt_3_Tibongo_Hilfsdateien\Console.h">
      <Filter>Header Files</Filter>
    </ClInclude>
    <ClInclude Include="D:\Downloads\SS22_PRG2_Uebungsblatt_3_Tibongo_Hilfsdateien\SS22_PRG2_Uebungsblatt_3_Tibongo_Hilfsdateien\Cursor.h">
      <Filter>Header Files</Filter>
    </ClInclude>
    <ClInclude Include="D:\Downloads\SS22_PRG2_Uebungsblatt_3_Tibongo_Hilfsdateien\SS22_PRG2_Uebungsblatt_3_Tibongo_Hilfsdateien\Position.h">
      <Filter>Header Files</Filter>
    </ClInclude>
    <ClInclude Include="D:\Downloads\SS22_PRG2_Uebungsblatt_3_Tibongo_Hilfsdateien\SS22_PRG2_Uebungsblatt_3_Tibongo_Hilfsdateien\SimpleInput.h">
      <Filter>Header Files</Filter>
    </ClInclude>
    <ClInclude Include="D:\Downloads\SS22_PRG2_Uebungsblatt_3_Tibongo_Hilfsdateien\SS22_PRG2_Uebungsblatt_3_Tibongo_Hilfsdateien\Spielstein.h">
      <Filter>Header Files</Filter>
    </ClInclude>
    <ClInclude Include="D:\Downloads\SS22_PRG2_Uebungsblatt_3_Tibongo_Hilfsdateien\SS22_PRG2_Uebungsblatt_3_Tibongo_Hilfsdateien\Aufgabe.h">
      <Filter>Header Files</Filter>
    </ClInclude>
    <ClInclude Include="D:\Downloads\SS22_PRG2_Uebungsblatt_3_Tibongo_Hilfsdateien\SS22_PRG2_Uebungsblatt_3_Tibongo_Hilfsdateien\Spiel.h">
      <Filter>Header Files</Filter>
    </ClInclude>
  </ItemGroup>
  <ItemGroup>
    <ClCompile Include="D:\Downloads\SS22_PRG2_Uebungsblatt_3_Tibongo_Hilfsdateien\SS22_PRG2_Uebungsblatt_3_Tibongo_Hilfsdateien\Console.cpp">
      <Filter>Source Files</Filter>
    </ClCompile>
    <ClCompile Include="D:\Downloads\SS22_PRG2_Uebungsblatt_3_Tibongo_Hilfsdateien\SS22_PRG2_Uebungsblatt_3_Tibongo_Hilfsdateien\Cursor.cpp">
      <Filter>Source Files</Filter>
    </ClCompile>
    <ClCompile Include="D:\Downloads\SS22_PRG2_Uebungsblatt_3_Tibongo_Hilfsdateien\SS22_PRG2_Uebungsblatt_3_Tibongo_Hilfsdateien\Position.cpp">
      <Filter>Source Files</Filter>
    </ClCompile>
    <ClCompile Include="D:\Downloads\SS22_PRG2_Uebungsblatt_3_Tibongo_Hilfsdateien\SS22_PRG2_Uebungsblatt_3_Tibongo_Hilfsdateien\SimpleInput.cpp">
      <Filter>Source Files</Filter>
    </ClCompile>
    <ClCompile Include="D:\Downloads\SS22_PRG2_Uebungsblatt_3_Tibongo_Hilfsdateien\SS22_PRG2_Uebungsblatt_3_Tibongo_Hilfsdateien\Spielstein.cpp">
      <Filter>Source Files</Filter>
    </ClCompile>
    <ClCompile Include="D:\Downloads\SS22_PRG2_Uebungsblatt_3_Tibongo_Hilfsdateien\SS22_PRG2_Uebungsblatt_3_Tibongo_Hilfsdateien\Tibongo.cpp">
      <Filter>Source Files</Filter>
    </ClCompile>
    <ClCompile Include="D:\Downloads\SS22_PRG2_Uebungsblatt_3_Tibongo_Hilfsdateien\SS22_PRG2_Uebungsblatt_3_Tibongo_Hilfsdateien\Spiel.cpp">
      <Filter>Source Files</Filter>
    </ClCompile>
    <ClCompile Include="D:\Downloads\SS22_PRG2_Uebungsblatt_3_Tibongo_Hilfsdateien\SS22_PRG2_Uebungsblatt_3_Tibongo_Hilfsdateien\Aufgabe.cpp">
      <Filter>Source Files</Filter>
    </ClCompile>
  </ItemGroup>
</Project>